
Microsoft Visual Studio Solution File, Format Version 12.00
# Visual Studio Version 16
VisualStudioVersion = 16.0.31321.278
MinimumVisualStudioVersion = 10.0.40219.1
Project("{9A19103F-16F7-4668-BE54-9A1E7A4F7556}") = "C43COOL.Api", "App\C43COOL.Api\C43COOL.Api.csproj", "{B038393A-4F58-471E-937D-316ADDC01CD5}"
EndProject
Project("{2150E333-8FDC-42A3-9474-1A3956D46DE8}") = "App", "App", "{0ABD6625-DFC1-41C2-9960-16796B03D931}"
EndProject
Project("{2150E333-8FDC-42A3-9474-1A3956D46DE8}") = "Database", "Database", "{D0A9EC8C-A55B-4434-A405-16CE07A1915E}"
EndProject
Project("{9A19103F-16F7-4668-BE54-9A1E7A4F7556}") = "C43COOL.Domain", "Database\C43COOL.Domain\C43COOL.Domain.csproj", "{4E3AD1C6-AF01-4C7F-9267-0D9F0482C562}"
EndProject
Project("{FAE04EC0-301F-11D3-BF4B-00C04F79EFBC}") = "C43COOL.MySql", "Database\C43COOL.MySql\C43COOL.MySql.csproj", "{909839E0-AE5F-4265-9C08-074D0A413DC3}"
EndProject
Project("{2150E333-8FDC-42A3-9474-1A3956D46DE8}") = "Model", "Model", "{12A1EB42-822E-4EAC-9C2C-80368D5219FD}"
EndProject
Project("{FAE04EC0-301F-11D3-BF4B-00C04F79EFBC}") = "C43COOL.Models", "Model\C43COOL.Models\C43COOL.Models.csproj", "{43B13D1D-F35B-4A73-B0D2-61DCC7827C1E}"
EndProject
Project("{FAE04EC0-301F-11D3-BF4B-00C04F79EFBC}") = "C43COOL.Enum", "Model\C43COOL.Enum\C43COOL.Enum.csproj", "{A20448DA-6865-49A8-81C6-53AE3A897639}"
EndProject
Project("{2150E333-8FDC-42A3-9474-1A3956D46DE8}") = "Libraries", "Libraries", "{E41E245A-4A03-482F-A107-63B20AFDF477}"
EndProject
Project("{FAE04EC0-301F-11D3-BF4B-00C04F79EFBC}") = "C43COOL.Service", "Libraries\C43COOL.Service\C43COOL.Service.csproj", "{FDA32264-372B-4258-B074-75C9E443B25D}"
EndProject
Project("{FAE04EC0-301F-11D3-BF4B-00C04F79EFBC}") = "C43COOL.Redis", "Libraries\C43COOL.Redis\C43COOL.Redis.csproj", "{3E3EE754-56C9-438A-8CEE-06F10BF6EEC7}"
EndProject
Project("{FAE04EC0-301F-11D3-BF4B-00C04F79EFBC}") = "C43COOL.Infrastructure", "Libraries\C43COOL.Infrastructure\C43COOL.Infrastructure.csproj", "{0B33A061-47FE-48E4-A118-D0330AF03A29}"
EndProject
Project("{9A19103F-16F7-4668-BE54-9A1E7A4F7556}") = "C43COOL.ScheduleTask", "Libraries\C43COOL.ScheduleTask\C43COOL.ScheduleTask.csproj", "{C0E61437-8754-4985-97AA-97C5093F6B86}"
EndProject
Global
	GlobalSection(SolutionConfigurationPlatforms) = preSolution
		Debug|Any CPU = Debug|Any CPU
		Release|Any CPU = Release|Any CPU
	EndGlobalSection
	GlobalSection(ProjectConfigurationPlatforms) = postSolution
		{B038393A-4F58-471E-937D-316ADDC01CD5}.Debug|Any CPU.ActiveCfg = Debug|Any CPU
		{B038393A-4F58-471E-937D-316ADDC01CD5}.Debug|Any CPU.Build.0 = Debug|Any CPU
		{B038393A-4F58-471E-937D-316ADDC01CD5}.Release|Any CPU.ActiveCfg = Release|Any CPU
		{B038393A-4F58-471E-937D-316ADDC01CD5}.Release|Any CPU.Build.0 = Release|Any CPU
		{4E3AD1C6-AF01-4C7F-9267-0D9F0482C562}.Debug|Any CPU.ActiveCfg = Debug|Any CPU
		{4E3AD1C6-AF01-4C7F-9267-0D9F0482C562}.Debug|Any CPU.Build.0 = Debug|Any CPU
		{4E3AD1C6-AF01-4C7F-9267-0D9F0482C562}.Release|Any CPU.ActiveCfg = Release|Any CPU
		{4E3AD1C6-AF01-4C7F-9267-0D9F0482C562}.Release|Any CPU.Build.0 = Release|Any CPU
		{909839E0-AE5F-4265-9C08-074D0A413DC3}.Debug|Any CPU.ActiveCfg = Debug|Any CPU
		{909839E0-AE5F-4265-9C08-074D0A413DC3}.Debug|Any CPU.Build.0 = Debug|Any CPU
		{909839E0-AE5F-4265-9C08-074D0A413DC3}.Release|Any CPU.ActiveCfg = Release|Any CPU
		{909839E0-AE5F-4265-9C08-074D0A413DC3}.Release|Any CPU.Build.0 = Release|Any CPU
		{43B13D1D-F35B-4A73-B0D2-61DCC7827C1E}.Debug|Any CPU.ActiveCfg = Debug|Any CPU
		{43B13D1D-F35B-4A73-B0D2-61DCC7827C1E}.Debug|Any CPU.Build.0 = Debug|Any CPU
		{43B13D1D-F35B-4A73-B0D2-61DCC7827C1E}.Release|Any CPU.ActiveCfg = Release|Any CPU
		{43B13D1D-F35B-4A73-B0D2-61DCC7827C1E}.Release|Any CPU.Build.0 = Release|Any CPU
		{A20448DA-6865-49A8-81C6-53AE3A897639}.Debug|Any CPU.ActiveCfg = Debug|Any CPU
		{A20448DA-6865-49A8-81C6-53AE3A897639}.Debug|Any CPU.Build.0 = Debug|Any CPU
		{A20448DA-6865-49A8-81C6-53AE3A897639}.Release|Any CPU.ActiveCfg = Release|Any CPU
		{A20448DA-6865-49A8-81C6-53AE3A897639}.Release|Any CPU.Build.0 = Release|Any CPU
		{FDA32264-372B-4258-B074-75C9E443B25D}.Debug|Any CPU.ActiveCfg = Debug|Any CPU
		{FDA32264-372B-4258-B074-75C9E443B25D}.Debug|Any CPU.Build.0 = Debug|Any CPU
		{FDA32264-372B-4258-B074-75C9E443B25D}.Release|Any CPU.ActiveCfg = Release|Any CPU
		{FDA32264-372B-4258-B074-75C9E443B25D}.Release|Any CPU.Build.0 = Release|Any CPU
		{3E3EE754-56C9-438A-8CEE-06F10BF6EEC7}.Debug|Any CPU.ActiveCfg = Debug|Any CPU
		{3E3EE754-56C9-438A-8CEE-06F10BF6EEC7}.Debug|Any CPU.Build.0 = Debug|Any CPU
		{3E3EE754-56C9-438A-8CEE-06F10BF6EEC7}.Release|Any CPU.ActiveCfg = Release|Any CPU
		{3E3EE754-56C9-438A-8CEE-06F10BF6EEC7}.Release|Any CPU.Build.0 = Release|Any CPU
		{0B33A061-47FE-48E4-A118-D0330AF03A29}.Debug|Any CPU.ActiveCfg = Debug|Any CPU
		{0B33A061-47FE-48E4-A118-D0330AF03A29}.Debug|Any CPU.Build.0 = Debug|Any CPU
		{0B33A061-47FE-48E4-A118-D0330AF03A29}.Release|Any CPU.ActiveCfg = Release|Any CPU
		{0B33A061-47FE-48E4-A118-D0330AF03A29}.Release|Any CPU.Build.0 = Release|Any CPU
		{C0E61437-8754-4985-97AA-97C5093F6B86}.Debug|Any CPU.ActiveCfg = Debug|Any CPU
		{C0E61437-8754-4985-97AA-97C5093F6B86}.Debug|Any CPU.Build.0 = Debug|Any CPU
		{C0E61437-8754-4985-97AA-97C5093F6B86}.Release|Any CPU.ActiveCfg = Release|Any CPU
		{C0E61437-8754-4985-97AA-97C5093F6B86}.Release|Any CPU.Build.0 = Release|Any CPU
	EndGlobalSection
	GlobalSection(SolutionProperties) = preSolution
		HideSolutionNode = FALSE
	EndGlobalSection
	GlobalSection(NestedProjects) = preSolution
		{B038393A-4F58-471E-937D-316ADDC01CD5} = {0ABD6625-DFC1-41C2-9960-16796B03D931}
		{4E3AD1C6-AF01-4C7F-9267-0D9F0482C562} = {D0A9EC8C-A55B-4434-A405-16CE07A1915E}
		{909839E0-AE5F-4265-9C08-074D0A413DC3} = {D0A9EC8C-A55B-4434-A405-16CE07A1915E}
		{43B13D1D-F35B-4A73-B0D2-61DCC7827C1E} = {12A1EB42-822E-4EAC-9C2C-80368D5219FD}
		{A20448DA-6865-49A8-81C6-53AE3A897639} = {12A1EB42-822E-4EAC-9C2C-80368D5219FD}
		{FDA32264-372B-4258-B074-75C9E443B25D} = {E41E245A-4A03-482F-A107-63B20AFDF477}
		{3E3EE754-56C9-438A-8CEE-06F10BF6EEC7} = {E41E245A-4A03-482F-A107-63B20AFDF477}
		{0B33A061-47FE-48E4-A118-D0330AF03A29} = {E41E245A-4A03-482F-A107-63B20AFDF477}
		{C0E61437-8754-4985-97AA-97C5093F6B86} = {E41E245A-4A03-482F-A107-63B20AFDF477}
	EndGlobalSection
	GlobalSection(ExtensibilityGlobals) = postSolution
		SolutionGuid = {881AF58B-9540-4448-B06B-8F14E7774DF7}
	EndGlobalSection
EndGlobal
